
Microsoft Visual Studio Solution File, Format Version 12.00
# Visual Studio Version 17
VisualStudioVersion = 17.14.36301.6
MinimumVisualStudioVersion = 10.0.40219.1
Project("{FAE04EC0-301F-11D3-BF4B-00C04F79EFBC}") = "SporWebDeneme1", "SporWebDeneme1\SporWebDeneme1.csproj", "{A396C966-6E73-4614-BE1B-9DA9A1962524}"
EndProject
Global
	GlobalSection(SolutionConfigurationPlatforms) = preSolution
		Debug|Any CPU = Debug|Any CPU
		Release|Any CPU = Release|Any CPU
	EndGlobalSection
	GlobalSection(ProjectConfigurationPlatforms) = postSolution
		{A396C966-6E73-4614-BE1B-9DA9A1962524}.Debug|Any CPU.ActiveCfg = Debug|Any CPU
		{A396C966-6E73-4614-BE1B-9DA9A1962524}.Debug|Any CPU.Build.0 = Debug|Any CPU
		{A396C966-6E73-4614-BE1B-9DA9A1962524}.Release|Any CPU.ActiveCfg = Release|Any CPU
		{A396C966-6E73-4614-BE1B-9DA9A1962524}.Release|Any CPU.Build.0 = Release|Any CPU
	EndGlobalSection
	GlobalSection(SolutionProperties) = preSolution
		HideSolutionNode = FALSE
	EndGlobalSection
	GlobalSection(ExtensibilityGlobals) = postSolution
		SolutionGuid = {A6F7FA05-EF4B-40BA-84C2-575F3CC78400}
	EndGlobalSection
EndGlobal
